version: 2.0
shards:
  bindata:
    git: https://github.com/spider-gazelle/bindata.git
    version: 1.7.0

  dotenv:
    git: https://github.com/gdotdesign/cr-dotenv.git
    version: 0.7.0

  exception_page:
    git: https://github.com/crystal-loot/exception_page.git
    version: 0.1.4

  glassy-console:
    git: https://github.com/glassy-framework/glassy-console.git
    version: 0.1.0+git.commit.a75555e44877c8361fb50f3a22b45ab1e0074302

  glassy-http:
    git: https://github.com/glassy-framework/glassy-http.git
    version: 0.1.0+git.commit.5f318a2492afd12bd0eaa931de703ad4219e66da

  glassy-kernel:
    git: https://github.com/glassy-framework/glassy-kernel.git
    version: 0.1.1+git.commit.97c3e023eb4ec95f52b629e83090d4267fd6076e

  glassy-mongo-odm:
    git: https://github.com/glassy-framework/glassy-mongo-odm.git
    version: 0.1.0+git.commit.26fc112a79fd92e34cb58da7a271a098260a64f0

  jsonapi-serializer-cr:
    git: https://github.com/andersondanilo/jsonapi-serializer-cr.git
    version: 0.1.0+git.commit.84b90a301b1e6e2ce9429556caa418d92d2b70c3

  jwt:
    git: https://github.com/crystal-community/jwt.git
    version: 1.4.2

  kemal:
    git: https://github.com/kemalcr/kemal.git
    version: 0.26.1

  kilt:
    git: https://github.com/jeromegn/kilt.git
    version: 0.4.0

  mongo:
    git: https://github.com/kimvex/mongodb-crystal.git
    version: 0.3.0+git.commit.7914bf400555483dfebeca13ff59920b8683461e

  openssl_ext:
    git: https://github.com/stakach/openssl_ext.git
    version: 1.2.2

  radix:
    git: https://github.com/luislavena/radix.git
    version: 0.3.9

