version: 2.0
shards:
  bindata:
    git: https://github.com/spider-gazelle/bindata.git
    version: 1.7.0

  dotenv:
    git: https://github.com/gdotdesign/cr-dotenv.git
    version: 0.7.0

  exception_page:
    git: https://github.com/crystal-loot/exception_page.git
    version: 0.1.4

  glassy-console:
    git: https://github.com/glassy-framework/glassy-console.git
    version: 0.1.0+git.commit.d03f1a526407186ff18432863368ef62fa50e527

  glassy-http:
    git: https://github.com/glassy-framework/glassy-http.git
    version: 0.1.0+git.commit.da7551c3d6ac9f6520a1667de722b753013f328f

  glassy-i18n:
    git: https://github.com/glassy-framework/glassy-i18n.git
    version: 0.1.0+git.commit.78faefb7f19720081ff6691589988de11b958716

  glassy-kernel:
    git: https://github.com/glassy-framework/glassy-kernel.git
    version: 0.1.1+git.commit.9d62162c4b354bfb0ba6d0f836b0e97ad250dd08

  glassy-mongo-odm:
    git: https://github.com/glassy-framework/glassy-mongo-odm.git
    version: 0.1.0+git.commit.2cfe6a97ed655076697973a75dd556befcfe635d

  i18n:
    git: https://github.com/vladfaust/i18n.cr.git
    version: 0.1.1

  jsonapi-serializer-cr:
    git: https://github.com/andersondanilo/jsonapi-serializer-cr.git
    version: 0.1.0+git.commit.4f96940cf4c0a703a21d3304ec9ed09a060f5395

  jwt:
    git: https://github.com/crystal-community/jwt.git
    version: 1.4.2

  kemal:
    git: https://github.com/kemalcr/kemal.git
    version: 0.26.1

  kilt:
    git: https://github.com/jeromegn/kilt.git
    version: 0.4.0

  mongo:
    git: https://github.com/kimvex/mongodb-crystal.git
    version: 0.3.0+git.commit.7914bf400555483dfebeca13ff59920b8683461e

  openssl_ext:
    git: https://github.com/stakach/openssl_ext.git
    version: 1.2.2

  radix:
    git: https://github.com/luislavena/radix.git
    version: 0.3.9

  spec-kemal:
    git: https://github.com/kemalcr/spec-kemal.git
    version: 0.5.0

